
Microsoft Visual Studio Solution File, Format Version 12.00
# Visual Studio Version 17
VisualStudioVersion = 17.5.33530.505
MinimumVisualStudioVersion = 10.0.40219.1
Project("{FAE04EC0-301F-11D3-BF4B-00C04F79EFBC}") = "260423_NBUY", "260423_NBUY\260423_NBUY.csproj", "{DBCFCC99-2A16-4498-BE67-32FAE950E297}"
EndProject
Global
	GlobalSection(SolutionConfigurationPlatforms) = preSolution
		Debug|Any CPU = Debug|Any CPU
		Release|Any CPU = Release|Any CPU
	EndGlobalSection
	GlobalSection(ProjectConfigurationPlatforms) = postSolution
		{DBCFCC99-2A16-4498-BE67-32FAE950E297}.Debug|Any CPU.ActiveCfg = Debug|Any CPU
		{DBCFCC99-2A16-4498-BE67-32FAE950E297}.Debug|Any CPU.Build.0 = Debug|Any CPU
		{DBCFCC99-2A16-4498-BE67-32FAE950E297}.Release|Any CPU.ActiveCfg = Release|Any CPU
		{DBCFCC99-2A16-4498-BE67-32FAE950E297}.Release|Any CPU.Build.0 = Release|Any CPU
	EndGlobalSection
	GlobalSection(SolutionProperties) = preSolution
		HideSolutionNode = FALSE
	EndGlobalSection
	GlobalSection(ExtensibilityGlobals) = postSolution
		SolutionGuid = {50B5CF21-12E4-41C4-8CF6-B3ACC5EDF6A8}
	EndGlobalSection
EndGlobal
